// !$*UTF8*$!
{ "archiveVersion" = "1"; "classes" = {  }; "objectVersion" = "56"; "objects" = { "759EE5E566C28097F8A60DFC" = { "isa" = "PBXFileReference"; "lastKnownFileType" = "sourcecode.swift"; "path" = "Easydict/Swift/Focused/App/FocusedApplication.swift"; "sourceTree" = "SOURCE_ROOT"; }; "9490DA34D38C3447259E3794" = { "isa" = "PBXFileReference"; "lastKnownFileType" = "sourcecode.swift"; "path" = "Easydict/Swift/Focused/Model/FocusedPreferences.swift"; "sourceTree" = "SOURCE_ROOT"; }; "D88C604E9D16B5E74B430F10" = { "isa" = "PBXFileReference"; "lastKnownFileType" = "sourcecode.swift"; "path" = "Easydict/Swift/Focused/Model/Language.swift"; "sourceTree" = "SOURCE_ROOT"; }; "1CDF323EB7339E91D2061FD1" = { "isa" = "PBXFileReference"; "lastKnownFileType" = "sourcecode.swift"; "path" = "Easydict/Swift/Focused/Model/LookupModels.swift"; "sourceTree" = "SOURCE_ROOT"; }; "201DB3D268AF8FE75B6FC193" = { "isa" = "PBXFileReference"; "lastKnownFileType" = "sourcecode.swift"; "path" = "Easydict/Swift/Focused/Selection/AXTextReader.swift"; "sourceTree" = "SOURCE_ROOT"; }; "892D79C5C24431980A7EFDE6" = { "isa" = "PBXFileReference"; "lastKnownFileType" = "sourcecode.swift"; "path" = "Easydict/Swift/Focused/Selection/MouseSelectionMonitor.swift"; "sourceTree" = "SOURCE_ROOT"; }; "AA7784D6086FD2E446E4952C" = { "isa" = "PBXFileReference"; "lastKnownFileType" = "sourcecode.swift"; "path" = "Easydict/Swift/Focused/Service/CredentialStore.swift"; "sourceTree" = "SOURCE_ROOT"; }; "7352FCC110A97A9C788E646A" = { "isa" = "PBXFileReference"; "lastKnownFileType" = "sourcecode.swift"; "path" = "Easydict/Swift/Focused/Service/LLMClient.swift"; "sourceTree" = "SOURCE_ROOT"; }; "61A9F1F785AD579CBA5EF515" = { "isa" = "PBXFileReference"; "lastKnownFileType" = "sourcecode.swift"; "path" = "Easydict/Swift/Focused/Service/LookupController.swift"; "sourceTree" = "SOURCE_ROOT"; }; "171DA98C33DD9FD2BB2B7549" = { "isa" = "PBXFileReference"; "lastKnownFileType" = "sourcecode.swift"; "path" = "Easydict/Swift/Focused/Service/PromptBuilder+Dictionary.swift"; "sourceTree" = "SOURCE_ROOT"; }; "384662B84698716AED781F1F" = { "isa" = "PBXFileReference"; "lastKnownFileType" = "sourcecode.swift"; "path" = "Easydict/Swift/Focused/Service/PromptBuilder+Sentence.swift"; "sourceTree" = "SOURCE_ROOT"; }; "831C9E9F46CF1019775830B8" = { "isa" = "PBXFileReference"; "lastKnownFileType" = "sourcecode.swift"; "path" = "Easydict/Swift/Focused/Service/PromptBuilder+Translation.swift"; "sourceTree" = "SOURCE_ROOT"; }; "F7F5A072EB40395B9993C58F" = { "isa" = "PBXFileReference"; "lastKnownFileType" = "sourcecode.swift"; "path" = "Easydict/Swift/Focused/Service/PromptBuilder.swift"; "sourceTree" = "SOURCE_ROOT"; }; "EFFB6B1E3C3B855D041724E8" = { "isa" = "PBXFileReference"; "lastKnownFileType" = "sourcecode.swift"; "path" = "Easydict/Swift/Focused/Service/SSEDecoder.swift"; "sourceTree" = "SOURCE_ROOT"; }; "670B77D9FCAB4B7ACA17B719" = { "isa" = "PBXFileReference"; "lastKnownFileType" = "sourcecode.swift"; "path" = "Easydict/Swift/Focused/Utility/AppStrings.swift"; "sourceTree" = "SOURCE_ROOT"; }; "80FE4C50C093C67E4F326E1E" = { "isa" = "PBXFileReference"; "lastKnownFileType" = "sourcecode.swift"; "path" = "Easydict/Swift/Focused/Utility/OpenAIStreamTaskControl.swift"; "sourceTree" = "SOURCE_ROOT"; }; "A01AE1F9F3D2AC14828270AC" = { "isa" = "PBXFileReference"; "lastKnownFileType" = "sourcecode.swift"; "path" = "Easydict/Swift/Focused/Utility/ThrottleGate.swift"; "sourceTree" = "SOURCE_ROOT"; }; "40291B40DCE1832D92C9C96E" = { "isa" = "PBXFileReference"; "lastKnownFileType" = "sourcecode.swift"; "path" = "Easydict/Swift/Focused/View/APISettingsView.swift"; "sourceTree" = "SOURCE_ROOT"; }; "CABA7A57CB0462BFC9CBB2E0" = { "isa" = "PBXFileReference"; "lastKnownFileType" = "sourcecode.swift"; "path" = "Easydict/Swift/Focused/View/FocusedSettingsController.swift"; "sourceTree" = "SOURCE_ROOT"; }; "211DC8357AB60C03924C7BFC" = { "isa" = "PBXFileReference"; "lastKnownFileType" = "sourcecode.swift"; "path" = "Easydict/Swift/Focused/View/FocusedSettingsView.swift"; "sourceTree" = "SOURCE_ROOT"; }; "E1AF95743D7BB07C80F131DC" = { "isa" = "PBXFileReference"; "lastKnownFileType" = "sourcecode.swift"; "path" = "Easydict/Swift/Focused/View/ResultContentView.swift"; "sourceTree" = "SOURCE_ROOT"; }; "C60ED6D6EA09E55AEDC31934" = { "isa" = "PBXFileReference"; "lastKnownFileType" = "sourcecode.swift"; "path" = "Easydict/Swift/Focused/View/ResultPanel.swift"; "sourceTree" = "SOURCE_ROOT"; }; "5E62D8A88F839AAAB1BB7A93" = { "isa" = "PBXFileReference"; "lastKnownFileType" = "sourcecode.swift"; "path" = "Easydict/Swift/Focused/View/SelectionIconController.swift"; "sourceTree" = "SOURCE_ROOT"; }; "5DA9A88BD4E8E157B37B51AB" = { "isa" = "PBXFileReference"; "lastKnownFileType" = "sourcecode.swift"; "path" = "EasydictTests/Support/TestSuites.swift"; "sourceTree" = "SOURCE_ROOT"; }; "B1729833941BA4415DC05181" = { "isa" = "PBXFileReference"; "lastKnownFileType" = "sourcecode.swift"; "path" = "EasydictTests/Utility/ThrottleGateTests.swift"; "sourceTree" = "SOURCE_ROOT"; }; "16FC2FA01C1076BF3591FE44" = { "isa" = "PBXFileReference"; "lastKnownFileType" = "sourcecode.swift"; "path" = "EasydictTests/Service/OpenAI/OpenAIStreamTaskControlTests.swift"; "sourceTree" = "SOURCE_ROOT"; }; "3C81EEC24CF467CF899DCBEF" = { "isa" = "PBXFileReference"; "lastKnownFileType" = "text.json.xcstrings"; "path" = "Easydict/App/Localizable.xcstrings"; "sourceTree" = "SOURCE_ROOT"; }; "8E619D4EB99F52CDA7CA90A3" = { "isa" = "PBXFileReference"; "lastKnownFileType" = "image.icns"; "path" = "Easydict/App/AppIcon.icns"; "sourceTree" = "SOURCE_ROOT"; }; "4E783A9E10D2A8ABA38CD11C" = { "isa" = "PBXFileReference"; "explicitFileType" = "wrapper.application"; "path" = "Easydict Lite.app"; "sourceTree" = "BUILT_PRODUCTS_DIR"; }; "6C7CCDEB3609F1FAA874E941" = { "isa" = "PBXFileReference"; "explicitFileType" = "wrapper.cfbundle"; "path" = "EasydictTests.xctest"; "sourceTree" = "BUILT_PRODUCTS_DIR"; }; "0D0B76EFDC18CCF0B133DADC" = { "isa" = "XCRemoteSwiftPackageReference"; "repositoryURL" = "https://github.com/Alamofire/Alamofire.git"; "requirement" = { "kind" = "exactVersion"; "version" = "5.12.2"; }; }; "97B3F5234DAD02F08CDD5E34" = { "isa" = "XCSwiftPackageProductDependency"; "package" = "0D0B76EFDC18CCF0B133DADC"; "productName" = "Alamofire"; }; "BE06822F5E7B078E70F5B750" = { "isa" = "PBXBuildFile"; "productRef" = "97B3F5234DAD02F08CDD5E34"; }; "3055AF7B38970118FFA84BF6" = { "isa" = "XCRemoteSwiftPackageReference"; "repositoryURL" = "https://github.com/sindresorhus/Defaults.git"; "requirement" = { "kind" = "exactVersion"; "version" = "8.2.0"; }; }; "228E69E5EE73024DCAEE480D" = { "isa" = "XCSwiftPackageProductDependency"; "package" = "3055AF7B38970118FFA84BF6"; "productName" = "Defaults"; }; "6C6D969EA6A4CAE6CA52EC6E" = { "isa" = "PBXBuildFile"; "productRef" = "228E69E5EE73024DCAEE480D"; }; "CEB19119A2A1BE6596A982A8" = { "isa" = "XCRemoteSwiftPackageReference"; "repositoryURL" = "https://github.com/SFSafeSymbols/SFSafeSymbols.git"; "requirement" = { "kind" = "exactVersion"; "version" = "5.3.0"; }; }; "9F0DE113D132BBC99B62DAF7" = { "isa" = "XCSwiftPackageProductDependency"; "package" = "CEB19119A2A1BE6596A982A8"; "productName" = "SFSafeSymbols"; }; "0658AC751BE2BE7239930C6E" = { "isa" = "PBXBuildFile"; "productRef" = "9F0DE113D132BBC99B62DAF7"; }; "39E74C7604EFB38A6F8358B4" = { "isa" = "PBXBuildFile"; "fileRef" = "759EE5E566C28097F8A60DFC"; }; "C83BBAEA8BD178D91817B80D" = { "isa" = "PBXBuildFile"; "fileRef" = "9490DA34D38C3447259E3794"; }; "89CE257457F815ECD1196E1A" = { "isa" = "PBXBuildFile"; "fileRef" = "D88C604E9D16B5E74B430F10"; }; "4C75182B43DB67EEC2590078" = { "isa" = "PBXBuildFile"; "fileRef" = "1CDF323EB7339E91D2061FD1"; }; "CBAEF12CD5E519FFA12011E0" = { "isa" = "PBXBuildFile"; "fileRef" = "201DB3D268AF8FE75B6FC193"; }; "F114CCD500105B38671F354D" = { "isa" = "PBXBuildFile"; "fileRef" = "892D79C5C24431980A7EFDE6"; }; "D99DE2D2D5C1CA34807C0176" = { "isa" = "PBXBuildFile"; "fileRef" = "AA7784D6086FD2E446E4952C"; }; "DA41CB8DFD66DEC21568B9BC" = { "isa" = "PBXBuildFile"; "fileRef" = "7352FCC110A97A9C788E646A"; }; "66B857564931AA9FB2FE78E0" = { "isa" = "PBXBuildFile"; "fileRef" = "61A9F1F785AD579CBA5EF515"; }; "F9DD95D91FBD1F58CACCBC47" = { "isa" = "PBXBuildFile"; "fileRef" = "171DA98C33DD9FD2BB2B7549"; }; "A3A3C09C62E73B36BF171FE8" = { "isa" = "PBXBuildFile"; "fileRef" = "384662B84698716AED781F1F"; }; "371A960C27C38719B3B049C5" = { "isa" = "PBXBuildFile"; "fileRef" = "831C9E9F46CF1019775830B8"; }; "26F29B65E3E510F21E1BC8D3" = { "isa" = "PBXBuildFile"; "fileRef" = "F7F5A072EB40395B9993C58F"; }; "7343DF577200BB98FE01A359" = { "isa" = "PBXBuildFile"; "fileRef" = "EFFB6B1E3C3B855D041724E8"; }; "F0B6537106118B3DD3198D2A" = { "isa" = "PBXBuildFile"; "fileRef" = "670B77D9FCAB4B7ACA17B719"; }; "207F61461FEE37020C04F52B" = { "isa" = "PBXBuildFile"; "fileRef" = "80FE4C50C093C67E4F326E1E"; }; "4ADD2D9E2E20C878BF62C5B5" = { "isa" = "PBXBuildFile"; "fileRef" = "A01AE1F9F3D2AC14828270AC"; }; "E41A7E9DFAF53A999C5987B5" = { "isa" = "PBXBuildFile"; "fileRef" = "40291B40DCE1832D92C9C96E"; }; "C8FCF2A7C322C39277CF1DFE" = { "isa" = "PBXBuildFile"; "fileRef" = "CABA7A57CB0462BFC9CBB2E0"; }; "5003DC08328B49BFBA5F800B" = { "isa" = "PBXBuildFile"; "fileRef" = "211DC8357AB60C03924C7BFC"; }; "0392D3BB3C0CC841E0050F12" = { "isa" = "PBXBuildFile"; "fileRef" = "E1AF95743D7BB07C80F131DC"; }; "5226B01C0C8D72C532B0B7D9" = { "isa" = "PBXBuildFile"; "fileRef" = "C60ED6D6EA09E55AEDC31934"; }; "D3295DA25DBB5CB145F06CC5" = { "isa" = "PBXBuildFile"; "fileRef" = "5E62D8A88F839AAAB1BB7A93"; }; "949D493B91791558E87BC5D7" = { "isa" = "PBXSourcesBuildPhase"; "buildActionMask" = "2147483647"; "files" = ("39E74C7604EFB38A6F8358B4", "C83BBAEA8BD178D91817B80D", "89CE257457F815ECD1196E1A", "4C75182B43DB67EEC2590078", "CBAEF12CD5E519FFA12011E0", "F114CCD500105B38671F354D", "D99DE2D2D5C1CA34807C0176", "DA41CB8DFD66DEC21568B9BC", "66B857564931AA9FB2FE78E0", "F9DD95D91FBD1F58CACCBC47", "A3A3C09C62E73B36BF171FE8", "371A960C27C38719B3B049C5", "26F29B65E3E510F21E1BC8D3", "7343DF577200BB98FE01A359", "F0B6537106118B3DD3198D2A", "207F61461FEE37020C04F52B", "4ADD2D9E2E20C878BF62C5B5", "E41A7E9DFAF53A999C5987B5", "C8FCF2A7C322C39277CF1DFE", "5003DC08328B49BFBA5F800B", "0392D3BB3C0CC841E0050F12", "5226B01C0C8D72C532B0B7D9", "D3295DA25DBB5CB145F06CC5"); "runOnlyForDeploymentPostprocessing" = "0"; }; "2A726F6890C3851EE432AD9C" = { "isa" = "PBXBuildFile"; "fileRef" = "5DA9A88BD4E8E157B37B51AB"; }; "04EB6FB6B58AA6CDEEC408E1" = { "isa" = "PBXBuildFile"; "fileRef" = "B1729833941BA4415DC05181"; }; "CD5B8361CC656A6CC1BC5DE2" = { "isa" = "PBXBuildFile"; "fileRef" = "16FC2FA01C1076BF3591FE44"; }; "77A03FEE20FE96AD9384861E" = { "isa" = "PBXSourcesBuildPhase"; "buildActionMask" = "2147483647"; "files" = ("2A726F6890C3851EE432AD9C", "04EB6FB6B58AA6CDEEC408E1", "CD5B8361CC656A6CC1BC5DE2"); "runOnlyForDeploymentPostprocessing" = "0"; }; "9FEB62473F25584DD9919D7C" = { "isa" = "PBXBuildFile"; "fileRef" = "3C81EEC24CF467CF899DCBEF"; }; "FF879CFB8C8A1A9175FF4004" = { "isa" = "PBXBuildFile"; "fileRef" = "8E619D4EB99F52CDA7CA90A3"; }; "8ECC8B5D05B79F879ACDF1A2" = { "isa" = "PBXResourcesBuildPhase"; "buildActionMask" = "2147483647"; "files" = ("9FEB62473F25584DD9919D7C", "FF879CFB8C8A1A9175FF4004"); "runOnlyForDeploymentPostprocessing" = "0"; }; "BD92572B49AC16A86614498D" = { "isa" = "PBXFrameworksBuildPhase"; "buildActionMask" = "2147483647"; "files" = ("BE06822F5E7B078E70F5B750", "6C6D969EA6A4CAE6CA52EC6E", "0658AC751BE2BE7239930C6E"); "runOnlyForDeploymentPostprocessing" = "0"; }; "7E85D4A68785761E1DBB22D8" = { "isa" = "PBXContainerItemProxy"; "containerPortal" = "98F54143AB4E86B28C3AFEE0"; "proxyType" = "1"; "remoteGlobalIDString" = "F75109BEB4DD8800DA6B45F8"; "remoteInfo" = "Easydict"; }; "BAE932EF166B50AB877FDC6F" = { "isa" = "PBXTargetDependency"; "target" = "F75109BEB4DD8800DA6B45F8"; "targetProxy" = "7E85D4A68785761E1DBB22D8"; }; "E9B2E96ABC5F6856F2BE79CF" = { "isa" = "XCBuildConfiguration"; "name" = "Debug"; "buildSettings" = { "MACOSX_DEPLOYMENT_TARGET" = "26.0"; "SDKROOT" = "macosx"; "SWIFT_VERSION" = "5.0"; "SWIFT_OPTIMIZATION_LEVEL" = "-Onone"; "SWIFT_ACTIVE_COMPILATION_CONDITIONS" = "DEBUG"; "ENABLE_TESTABILITY" = "YES"; "CODE_SIGN_STYLE" = "Automatic"; "CLANG_ENABLE_MODULES" = "YES"; "PRODUCT_NAME" = "Easydict Lite"; "PRODUCT_MODULE_NAME" = "Easydict"; "EXECUTABLE_NAME" = "Easydict"; "PRODUCT_BUNDLE_IDENTIFIER" = "org.easydict.focused"; "INFOPLIST_FILE" = "Easydict/App/Info.plist"; "GENERATE_INFOPLIST_FILE" = "NO"; "ENABLE_APP_SANDBOX" = "NO"; "SWIFT_EMIT_LOC_STRINGS" = "NO"; "COMBINE_HIDPI_IMAGES" = "YES"; }; }; "5A8C91857F674E16E2724F47" = { "isa" = "XCBuildConfiguration"; "name" = "Release"; "buildSettings" = { "MACOSX_DEPLOYMENT_TARGET" = "26.0"; "SDKROOT" = "macosx"; "SWIFT_VERSION" = "5.0"; "SWIFT_OPTIMIZATION_LEVEL" = "-O"; "SWIFT_ACTIVE_COMPILATION_CONDITIONS" = ""; "ENABLE_TESTABILITY" = "NO"; "CODE_SIGN_STYLE" = "Automatic"; "CLANG_ENABLE_MODULES" = "YES"; "PRODUCT_NAME" = "Easydict Lite"; "PRODUCT_MODULE_NAME" = "Easydict"; "EXECUTABLE_NAME" = "Easydict"; "PRODUCT_BUNDLE_IDENTIFIER" = "org.easydict.focused"; "INFOPLIST_FILE" = "Easydict/App/Info.plist"; "GENERATE_INFOPLIST_FILE" = "NO"; "ENABLE_APP_SANDBOX" = "NO"; "SWIFT_EMIT_LOC_STRINGS" = "NO"; "COMBINE_HIDPI_IMAGES" = "YES"; }; }; "268D2D29669C504AD910B275" = { "isa" = "XCConfigurationList"; "buildConfigurations" = ("E9B2E96ABC5F6856F2BE79CF", "5A8C91857F674E16E2724F47"); "defaultConfigurationIsVisible" = "0"; "defaultConfigurationName" = "Release"; }; "0F3D67935A4F199E058A017A" = { "isa" = "XCBuildConfiguration"; "name" = "Debug"; "buildSettings" = { "MACOSX_DEPLOYMENT_TARGET" = "26.0"; "SDKROOT" = "macosx"; "SWIFT_VERSION" = "5.0"; "SWIFT_OPTIMIZATION_LEVEL" = "-Onone"; "SWIFT_ACTIVE_COMPILATION_CONDITIONS" = "DEBUG"; "ENABLE_TESTABILITY" = "YES"; "CODE_SIGN_STYLE" = "Automatic"; "CLANG_ENABLE_MODULES" = "YES"; "PRODUCT_NAME" = "EasydictTests"; "PRODUCT_BUNDLE_IDENTIFIER" = "org.easydict.focused.tests"; "GENERATE_INFOPLIST_FILE" = "YES"; "BUNDLE_LOADER" = "$(TEST_HOST)"; "TEST_HOST" = "$(BUILT_PRODUCTS_DIR)/Easydict Lite.app/Contents/MacOS/Easydict"; }; }; "20B70E15FDC36C625E57F658" = { "isa" = "XCBuildConfiguration"; "name" = "Release"; "buildSettings" = { "MACOSX_DEPLOYMENT_TARGET" = "26.0"; "SDKROOT" = "macosx"; "SWIFT_VERSION" = "5.0"; "SWIFT_OPTIMIZATION_LEVEL" = "-O"; "SWIFT_ACTIVE_COMPILATION_CONDITIONS" = ""; "ENABLE_TESTABILITY" = "NO"; "CODE_SIGN_STYLE" = "Automatic"; "CLANG_ENABLE_MODULES" = "YES"; "PRODUCT_NAME" = "EasydictTests"; "PRODUCT_BUNDLE_IDENTIFIER" = "org.easydict.focused.tests"; "GENERATE_INFOPLIST_FILE" = "YES"; "BUNDLE_LOADER" = "$(TEST_HOST)"; "TEST_HOST" = "$(BUILT_PRODUCTS_DIR)/Easydict Lite.app/Contents/MacOS/Easydict"; }; }; "7456573A07C28463D34C2FFC" = { "isa" = "XCConfigurationList"; "buildConfigurations" = ("0F3D67935A4F199E058A017A", "20B70E15FDC36C625E57F658"); "defaultConfigurationIsVisible" = "0"; "defaultConfigurationName" = "Release"; }; "F75109BEB4DD8800DA6B45F8" = { "isa" = "PBXNativeTarget"; "name" = "Easydict"; "productName" = "Easydict Lite"; "productReference" = "4E783A9E10D2A8ABA38CD11C"; "productType" = "com.apple.product-type.application"; "buildConfigurationList" = "268D2D29669C504AD910B275"; "buildPhases" = ("949D493B91791558E87BC5D7", "BD92572B49AC16A86614498D", "8ECC8B5D05B79F879ACDF1A2"); "dependencies" = (); "buildRules" = (); "packageProductDependencies" = ("97B3F5234DAD02F08CDD5E34", "228E69E5EE73024DCAEE480D", "9F0DE113D132BBC99B62DAF7"); }; "C062A5A4A7F4F37DD90F54CB" = { "isa" = "PBXNativeTarget"; "name" = "EasydictTests"; "productName" = "EasydictTests"; "productReference" = "6C7CCDEB3609F1FAA874E941"; "productType" = "com.apple.product-type.bundle.unit-test"; "buildConfigurationList" = "7456573A07C28463D34C2FFC"; "buildPhases" = ("77A03FEE20FE96AD9384861E"); "dependencies" = ("BAE932EF166B50AB877FDC6F"); "buildRules" = (); }; "FBDC4F23F93125BBEEAE800C" = { "isa" = "PBXGroup"; "name" = "Products"; "children" = ("4E783A9E10D2A8ABA38CD11C", "6C7CCDEB3609F1FAA874E941"); "sourceTree" = "<group>"; }; "96DC7B6B5526E30EFB51C316" = { "isa" = "PBXGroup"; "name" = "Focused App"; "children" = ("759EE5E566C28097F8A60DFC", "9490DA34D38C3447259E3794", "D88C604E9D16B5E74B430F10", "1CDF323EB7339E91D2061FD1", "201DB3D268AF8FE75B6FC193", "892D79C5C24431980A7EFDE6", "AA7784D6086FD2E446E4952C", "7352FCC110A97A9C788E646A", "61A9F1F785AD579CBA5EF515", "171DA98C33DD9FD2BB2B7549", "384662B84698716AED781F1F", "831C9E9F46CF1019775830B8", "F7F5A072EB40395B9993C58F", "EFFB6B1E3C3B855D041724E8", "670B77D9FCAB4B7ACA17B719", "80FE4C50C093C67E4F326E1E", "A01AE1F9F3D2AC14828270AC", "40291B40DCE1832D92C9C96E", "CABA7A57CB0462BFC9CBB2E0", "211DC8357AB60C03924C7BFC", "E1AF95743D7BB07C80F131DC", "C60ED6D6EA09E55AEDC31934", "5E62D8A88F839AAAB1BB7A93"); "sourceTree" = "<group>"; }; "E717C295FF9827DFF805D88B" = { "isa" = "PBXGroup"; "name" = "Retained Tests"; "children" = ("5DA9A88BD4E8E157B37B51AB", "B1729833941BA4415DC05181", "16FC2FA01C1076BF3591FE44"); "sourceTree" = "<group>"; }; "9D8AE853B3291004D3E76343" = { "isa" = "PBXGroup"; "name" = "Resources"; "children" = ("3C81EEC24CF467CF899DCBEF", "8E619D4EB99F52CDA7CA90A3"); "sourceTree" = "<group>"; }; "870B3294C0CBD48AF6BBCC1B" = { "isa" = "PBXGroup"; "children" = ("96DC7B6B5526E30EFB51C316", "E717C295FF9827DFF805D88B", "9D8AE853B3291004D3E76343", "FBDC4F23F93125BBEEAE800C"); "sourceTree" = "<group>"; }; "89E1FD6268CC0F221A2BE178" = { "isa" = "XCBuildConfiguration"; "name" = "Debug"; "buildSettings" = { "MACOSX_DEPLOYMENT_TARGET" = "26.0"; "SDKROOT" = "macosx"; "SWIFT_VERSION" = "5.0"; "SWIFT_OPTIMIZATION_LEVEL" = "-Onone"; "SWIFT_ACTIVE_COMPILATION_CONDITIONS" = "DEBUG"; "ENABLE_TESTABILITY" = "YES"; "CODE_SIGN_STYLE" = "Automatic"; "CLANG_ENABLE_MODULES" = "YES"; }; }; "E6DE6C99132752C914FEF632" = { "isa" = "XCBuildConfiguration"; "name" = "Release"; "buildSettings" = { "MACOSX_DEPLOYMENT_TARGET" = "26.0"; "SDKROOT" = "macosx"; "SWIFT_VERSION" = "5.0"; "SWIFT_OPTIMIZATION_LEVEL" = "-O"; "SWIFT_ACTIVE_COMPILATION_CONDITIONS" = ""; "ENABLE_TESTABILITY" = "NO"; "CODE_SIGN_STYLE" = "Automatic"; "CLANG_ENABLE_MODULES" = "YES"; }; }; "6650A2B5E24FA7522CE6B81C" = { "isa" = "XCConfigurationList"; "buildConfigurations" = ("89E1FD6268CC0F221A2BE178", "E6DE6C99132752C914FEF632"); "defaultConfigurationIsVisible" = "0"; "defaultConfigurationName" = "Release"; }; "98F54143AB4E86B28C3AFEE0" = { "isa" = "PBXProject"; "attributes" = { "LastUpgradeCheck" = "2600"; }; "buildConfigurationList" = "6650A2B5E24FA7522CE6B81C"; "compatibilityVersion" = "Xcode 14.0"; "developmentRegion" = "en"; "knownRegions" = ("en", "zh-Hans", "Base"); "mainGroup" = "870B3294C0CBD48AF6BBCC1B"; "productRefGroup" = "FBDC4F23F93125BBEEAE800C"; "projectDirPath" = ""; "projectRoot" = ""; "targets" = ("F75109BEB4DD8800DA6B45F8", "C062A5A4A7F4F37DD90F54CB"); "packageReferences" = ("0D0B76EFDC18CCF0B133DADC", "3055AF7B38970118FFA84BF6", "CEB19119A2A1BE6596A982A8"); }; }; "rootObject" = "98F54143AB4E86B28C3AFEE0"; }
